
Microsoft Visual Studio Solution File, Format Version 12.00
# Visual Studio Version 16
VisualStudioVersion = 16.0.810.10
MinimumVisualStudioVersion = 10.0.40219.1
Project("{FAE04EC0-301F-11D3-BF4B-00C04F79EFBC}") = "ReserveClassroom.Android", "ReserveClassroom.Android\ReserveClassroom.Android.csproj", "{316DC2DD-7EAD-4E00-A608-10E8EDE80B10}"
EndProject
Project("{FAE04EC0-301F-11D3-BF4B-00C04F79EFBC}") = "ReserveClassroom.iOS", "ReserveClassroom.iOS\ReserveClassroom.iOS.csproj", "{D6F56BC2-9C96-4BB2-93F8-98355901B73F}"
EndProject
Project("{FAE04EC0-301F-11D3-BF4B-00C04F79EFBC}") = "ReserveClassroom", "ReserveClassroom\ReserveClassroom.csproj", "{BE098A17-99EE-43CE-8034-BDADAC066D29}"
EndProject
Global
	GlobalSection(SolutionConfigurationPlatforms) = preSolution
		Debug|Any CPU = Debug|Any CPU
		Release|Any CPU = Release|Any CPU
		Debug|iPhoneSimulator = Debug|iPhoneSimulator
		Release|iPhoneSimulator = Release|iPhoneSimulator
		Debug|iPhone = Debug|iPhone
		Release|iPhone = Release|iPhone
	EndGlobalSection
	GlobalSection(ProjectConfigurationPlatforms) = postSolution
		{316DC2DD-7EAD-4E00-A608-10E8EDE80B10}.Debug|Any CPU.ActiveCfg = Debug|Any CPU
		{316DC2DD-7EAD-4E00-A608-10E8EDE80B10}.Debug|Any CPU.Build.0 = Debug|Any CPU
		{316DC2DD-7EAD-4E00-A608-10E8EDE80B10}.Release|Any CPU.ActiveCfg = Release|Any CPU
		{316DC2DD-7EAD-4E00-A608-10E8EDE80B10}.Release|Any CPU.Build.0 = Release|Any CPU
		{316DC2DD-7EAD-4E00-A608-10E8EDE80B10}.Debug|iPhoneSimulator.ActiveCfg = Debug|Any CPU
		{316DC2DD-7EAD-4E00-A608-10E8EDE80B10}.Debug|iPhoneSimulator.Build.0 = Debug|Any CPU
		{316DC2DD-7EAD-4E00-A608-10E8EDE80B10}.Release|iPhoneSimulator.ActiveCfg = Release|Any CPU
		{316DC2DD-7EAD-4E00-A608-10E8EDE80B10}.Release|iPhoneSimulator.Build.0 = Release|Any CPU
		{316DC2DD-7EAD-4E00-A608-10E8EDE80B10}.Debug|iPhone.ActiveCfg = Debug|Any CPU
		{316DC2DD-7EAD-4E00-A608-10E8EDE80B10}.Debug|iPhone.Build.0 = Debug|Any CPU
		{316DC2DD-7EAD-4E00-A608-10E8EDE80B10}.Release|iPhone.ActiveCfg = Release|Any CPU
		{316DC2DD-7EAD-4E00-A608-10E8EDE80B10}.Release|iPhone.Build.0 = Release|Any CPU
		{D6F56BC2-9C96-4BB2-93F8-98355901B73F}.Debug|Any CPU.ActiveCfg = Debug|iPhoneSimulator
		{D6F56BC2-9C96-4BB2-93F8-98355901B73F}.Debug|Any CPU.Build.0 = Debug|iPhoneSimulator
		{D6F56BC2-9C96-4BB2-93F8-98355901B73F}.Release|Any CPU.ActiveCfg = Release|iPhoneSimulator
		{D6F56BC2-9C96-4BB2-93F8-98355901B73F}.Release|Any CPU.Build.0 = Release|iPhoneSimulator
		{D6F56BC2-9C96-4BB2-93F8-98355901B73F}.Debug|iPhoneSimulator.ActiveCfg = Debug|iPhoneSimulator
		{D6F56BC2-9C96-4BB2-93F8-98355901B73F}.Debug|iPhoneSimulator.Build.0 = Debug|iPhoneSimulator
		{D6F56BC2-9C96-4BB2-93F8-98355901B73F}.Release|iPhoneSimulator.ActiveCfg = Release|iPhoneSimulator
		{D6F56BC2-9C96-4BB2-93F8-98355901B73F}.Release|iPhoneSimulator.Build.0 = Release|iPhoneSimulator
		{D6F56BC2-9C96-4BB2-93F8-98355901B73F}.Debug|iPhone.ActiveCfg = Debug|iPhone
		{D6F56BC2-9C96-4BB2-93F8-98355901B73F}.Debug|iPhone.Build.0 = Debug|iPhone
		{D6F56BC2-9C96-4BB2-93F8-98355901B73F}.Release|iPhone.ActiveCfg = Release|iPhone
		{D6F56BC2-9C96-4BB2-93F8-98355901B73F}.Release|iPhone.Build.0 = Release|iPhone
		{BE098A17-99EE-43CE-8034-BDADAC066D29}.Debug|Any CPU.ActiveCfg = Debug|Any CPU
		{BE098A17-99EE-43CE-8034-BDADAC066D29}.Debug|Any CPU.Build.0 = Debug|Any CPU
		{BE098A17-99EE-43CE-8034-BDADAC066D29}.Release|Any CPU.ActiveCfg = Release|Any CPU
		{BE098A17-99EE-43CE-8034-BDADAC066D29}.Release|Any CPU.Build.0 = Release|Any CPU
		{BE098A17-99EE-43CE-8034-BDADAC066D29}.Debug|iPhoneSimulator.ActiveCfg = Debug|Any CPU
		{BE098A17-99EE-43CE-8034-BDADAC066D29}.Debug|iPhoneSimulator.Build.0 = Debug|Any CPU
		{BE098A17-99EE-43CE-8034-BDADAC066D29}.Release|iPhoneSimulator.ActiveCfg = Release|Any CPU
		{BE098A17-99EE-43CE-8034-BDADAC066D29}.Release|iPhoneSimulator.Build.0 = Release|Any CPU
		{BE098A17-99EE-43CE-8034-BDADAC066D29}.Debug|iPhone.ActiveCfg = Debug|Any CPU
		{BE098A17-99EE-43CE-8034-BDADAC066D29}.Debug|iPhone.Build.0 = Debug|Any CPU
		{BE098A17-99EE-43CE-8034-BDADAC066D29}.Release|iPhone.ActiveCfg = Release|Any CPU
		{BE098A17-99EE-43CE-8034-BDADAC066D29}.Release|iPhone.Build.0 = Release|Any CPU
	EndGlobalSection
	GlobalSection(SolutionProperties) = preSolution
		HideSolutionNode = FALSE
	EndGlobalSection
	GlobalSection(ExtensibilityGlobals) = postSolution
		SolutionGuid = {9E6B582F-46DC-43C0-B2BE-54E8C5C42D17}
	EndGlobalSection
EndGlobal
